// !$*UTF8*$!
{
	archiveVersion = 1;
	classes = {
	};
	objectVersion = 77;
	objects = {

/* Begin PBXBuildFile section */
		F1D68A6A2F64123400CFD30D /* Assets.xcassets in Resources */ = {isa = PBXBuildFile; fileRef = F1D68A692F64123400CFD30D /* Assets.xcassets */; };
		F1D68A6C2F64123400CFD30D /* AppliedCarContext.swift in Sources */ = {isa = PBXBuildFile; fileRef = F1D68A6B2F64123400CFD30D /* AppliedCarContext.swift */; };
		F1D68A6E2F64123500CFD30D /* AppDateContext.swift in Sources */ = {isa = PBXBuildFile; fileRef = F1D68A6D2F64123500CFD30D /* AppDateContext.swift */; };
		F1D68A702F64123500CFD30D /* SheetViews.swift in Sources */ = {isa = PBXBuildFile; fileRef = F1D68A6F2F64123500CFD30D /* SheetViews.swift */; };
		F1D68A5D2F640E6D00CFD30D /* Formatters.swift in Sources */ = {isa = PBXBuildFile; fileRef = F1D68A5A2F640E6D00CFD30D /* Formatters.swift */; };
		F1D68A5E2F640E6D00CFD30D /* AddMaintenanceRecordView.swift in Sources */ = {isa = PBXBuildFile; fileRef = F1D68A502F640E6D00CFD30D /* AddMaintenanceRecordView.swift */; };
		F1D68A5F2F640E6D00CFD30D /* MaintenanceReminderView.swift in Sources */ = {isa = PBXBuildFile; fileRef = F1D68A4B2F640E6D00CFD30D /* MaintenanceReminderView.swift */; };
		F1D68A602F640E6D00CFD30D /* RecordsView.swift in Sources */ = {isa = PBXBuildFile; fileRef = F1D68A512F640E6D00CFD30D /* RecordsView.swift */; };
		F1D68A612F640E6D00CFD30D /* Car.swift in Sources */ = {isa = PBXBuildFile; fileRef = F1D68A542F640E6D00CFD30D /* Car.swift */; };
		F1D68A622F640E6D00CFD30D /* MaintenanceRecord.swift in Sources */ = {isa = PBXBuildFile; fileRef = F1D68A562F640E6D00CFD30D /* MaintenanceRecord.swift */; };
		F1D68A632F640E6D00CFD30D /* ModelContainerProvider.swift in Sources */ = {isa = PBXBuildFile; fileRef = F1D68A582F640E6D00CFD30D /* ModelContainerProvider.swift */; };
		F1D68A642F640E6D00CFD30D /* MyView.swift in Sources */ = {isa = PBXBuildFile; fileRef = F1D68A4E2F640E6D00CFD30D /* MyView.swift */; };
		F1D68A662F640E6D00CFD30D /* AddCarView.swift in Sources */ = {isa = PBXBuildFile; fileRef = F1D68A4D2F640E6D00CFD30D /* AddCarView.swift */; };
		F1D68A672F640E6D00CFD30D /* CarRecordApp.swift in Sources */ = {isa = PBXBuildFile; fileRef = F1D68A482F640E6D00CFD30D /* CarRecordApp.swift */; };
		F1D68A682F640E6D00CFD30D /* RootTabView.swift in Sources */ = {isa = PBXBuildFile; fileRef = F1D68A492F640E6D00CFD30D /* RootTabView.swift */; };
		F1D68A792F640E6D00CFD30D /* MaintenanceReminderViewLogic.swift in Sources */ = {isa = PBXBuildFile; fileRef = F1D68A6D2F640E6D00CFD30D /* MaintenanceReminderViewLogic.swift */; };
		F1D68A7A2F640E6D00CFD30D /* MaintenanceReminderModels.swift in Sources */ = {isa = PBXBuildFile; fileRef = F1D68A6E2F640E6D00CFD30D /* MaintenanceReminderModels.swift */; };
		F1D68A7B2F640E6D00CFD30D /* MaintenanceReminderUseCase.swift in Sources */ = {isa = PBXBuildFile; fileRef = F1D68A6F2F640E6D00CFD30D /* MaintenanceReminderUseCase.swift */; };
		F1D68A7C2F640E6D00CFD30D /* RecordsViewQueryUseCase.swift in Sources */ = {isa = PBXBuildFile; fileRef = F1D68A702F640E6D00CFD30D /* RecordsViewQueryUseCase.swift */; };
		F1D68A852F640E6D00CFD30D /* RecordsViewFilterPanelComponents.swift in Sources */ = {isa = PBXBuildFile; fileRef = F1D68A7A2F640E6D00CFD31D /* RecordsViewFilterPanelComponents.swift */; };
		F1D68A862F640E6D00CFD30D /* RecordsViewActionUseCase.swift in Sources */ = {isa = PBXBuildFile; fileRef = F1D68A7B2F640E6D00CFD31D /* RecordsViewActionUseCase.swift */; };
		F1D68A7D2F640E6D00CFD30D /* RecordsState.swift in Sources */ = {isa = PBXBuildFile; fileRef = F1D68A712F640E6D00CFD30D /* RecordsState.swift */; };
		F1D68A7E2F640E6D00CFD30D /* AddMaintenanceRecordViewSaveUseCase.swift in Sources */ = {isa = PBXBuildFile; fileRef = F1D68A722F640E6D00CFD30D /* AddMaintenanceRecordViewSaveUseCase.swift */; };
		F1D68A872F640E6D00CFD30D /* AddMaintenanceRecordViewSheetComponents.swift in Sources */ = {isa = PBXBuildFile; fileRef = F1D68A7C2F640E6D00CFD31D /* AddMaintenanceRecordViewSheetComponents.swift */; };
		F1D68A7F2F640E6D00CFD30D /* AddMaintenanceRecordState.swift in Sources */ = {isa = PBXBuildFile; fileRef = F1D68A732F640E6D00CFD30D /* AddMaintenanceRecordState.swift */; };
		F1D68A8A2F640E6D00CFD30D /* AddMaintenanceRecordViewStateUseCase.swift in Sources */ = {isa = PBXBuildFile; fileRef = F1D68A8F2F640E6D00CFD30D /* AddMaintenanceRecordViewStateUseCase.swift */; };
		F1D68A8B2F640E6D00CFD30D /* AddMaintenanceRecordViewInputUseCase.swift in Sources */ = {isa = PBXBuildFile; fileRef = F1D68A902F640E6D00CFD30D /* AddMaintenanceRecordViewInputUseCase.swift */; };
		F1D68A802F640E6D00CFD30D /* AddCarSaveUseCase.swift in Sources */ = {isa = PBXBuildFile; fileRef = F1D68A742F640E6D00CFD30D /* AddCarSaveUseCase.swift */; };
		F1D68A882F640E6D00CFD30D /* AddCarSheetComponents.swift in Sources */ = {isa = PBXBuildFile; fileRef = F1D68A7D2F640E6D00CFD31D /* AddCarSheetComponents.swift */; };
		F1D68A812F640E6D00CFD30D /* AddCarStateModels.swift in Sources */ = {isa = PBXBuildFile; fileRef = F1D68A752F640E6D00CFD30D /* AddCarStateModels.swift */; };
		F1D68A822F640E6D00CFD30D /* MyViewBackupUseCase.swift in Sources */ = {isa = PBXBuildFile; fileRef = F1D68A762F640E6D00CFD30D /* MyViewBackupUseCase.swift */; };
		F1D68A892F640E6D00CFD30D /* MyViewCarActionUseCase.swift in Sources */ = {isa = PBXBuildFile; fileRef = F1D68A7E2F640E6D00CFD31D /* MyViewCarActionUseCase.swift */; };
		F1D68A832F640E6D00CFD30D /* MyDataTransfer.swift in Sources */ = {isa = PBXBuildFile; fileRef = F1D68A772F640E6D00CFD30D /* MyDataTransfer.swift */; };
		F1D68A842F640E6D00CFD30D /* MaintenanceItemManagerView.swift in Sources */ = {isa = PBXBuildFile; fileRef = F1D68A782F640E6D00CFD30D /* MaintenanceItemManagerView.swift */; };
		F1D68A8C2F640E6D00CFD30D /* MyViewRestoreUseCase.swift in Sources */ = {isa = PBXBuildFile; fileRef = F1D68A912F640E6D00CFD30D /* MyViewRestoreUseCase.swift */; };
		F1D68A8D2F640E6D00CFD30D /* MyViewDataTransferSupportUseCase.swift in Sources */ = {isa = PBXBuildFile; fileRef = F1D68A922F640E6D00CFD30D /* MyViewDataTransferSupportUseCase.swift */; };
		F1D68A932F640E6D00CFD30D /* AddCarStateUseCase.swift in Sources */ = {isa = PBXBuildFile; fileRef = F1D68A962F640E6D00CFD30D /* AddCarStateUseCase.swift */; };
		F1D68A942F640E6D00CFD30D /* AddCarDraftUseCase.swift in Sources */ = {isa = PBXBuildFile; fileRef = F1D68A972F640E6D00CFD30D /* AddCarDraftUseCase.swift */; };
		F1D68A952F640E6D00CFD30D /* RecordsViewSelectionSheetUseCase.swift in Sources */ = {isa = PBXBuildFile; fileRef = F1D68A982F640E6D00CFD30D /* RecordsViewSelectionSheetUseCase.swift */; };
		F1D68A9A2F640E6D00CFD30D /* RecordsViewFilterRulesUseCase.swift in Sources */ = {isa = PBXBuildFile; fileRef = F1D68A992F640E6D00CFD30D /* RecordsViewFilterRulesUseCase.swift */; };
		F1D68A9B2F640E6D00CFD30D /* MaintenanceItemReminderSettingView.swift in Sources */ = {isa = PBXBuildFile; fileRef = F1D68A9C2F640E6D00CFD30D /* MaintenanceItemReminderSettingView.swift */; };
		F1D68A9D2F640E6D00CFD30D /* ItemRelatedLogsView.swift in Sources */ = {isa = PBXBuildFile; fileRef = F1D68A9E2F640E6D00CFD30D /* ItemRelatedLogsView.swift */; };
		F1D68A9F2F640E6D00CFD30D /* MaintenanceRecordItem.swift in Sources */ = {isa = PBXBuildFile; fileRef = F1D68AA02F640E6D00CFD30D /* MaintenanceRecordItem.swift */; };
		F1D68AA12F640E6D00CFD30D /* MaintenanceItemOption.swift in Sources */ = {isa = PBXBuildFile; fileRef = F1D68AA22F640E6D00CFD30D /* MaintenanceItemOption.swift */; };
		F1D68AA32F640E6D00CFD30D /* CoreConfig.swift in Sources */ = {isa = PBXBuildFile; fileRef = F1D68AA42F640E6D00CFD30D /* CoreConfig.swift */; };
		F1D68AA52F640E6D00CFD30D /* Serialization.swift in Sources */ = {isa = PBXBuildFile; fileRef = F1D68AA62F640E6D00CFD30D /* Serialization.swift */; };
		F1D68AA72F640E6D00CFD30D /* Presentation.swift in Sources */ = {isa = PBXBuildFile; fileRef = F1D68AA82F640E6D00CFD30D /* Presentation.swift */; };
		F1D68AA92F640E6D00CFD30D /* Sorting.swift in Sources */ = {isa = PBXBuildFile; fileRef = F1D68AAA2F640E6D00CFD30D /* Sorting.swift */; };
		F1D68AAB2F640E6D00CFD30D /* SyncUseCase.swift in Sources */ = {isa = PBXBuildFile; fileRef = F1D68AAC2F640E6D00CFD30D /* SyncUseCase.swift */; };
		F1D68AAD2F640E6D00CFD30D /* MyViewRestoreEntryUseCase.swift in Sources */ = {isa = PBXBuildFile; fileRef = F1D68AAE2F640E6D00CFD30D /* MyViewRestoreEntryUseCase.swift */; };
		F1D68AAF2F640E6D00CFD30D /* MyViewRestoreCleanupUseCase.swift in Sources */ = {isa = PBXBuildFile; fileRef = F1D68AB02F640E6D00CFD30D /* MyViewRestoreCleanupUseCase.swift */; };
/* End PBXBuildFile section */

/* Begin PBXFileReference section */
		F1D68A382F640AE500CFD30D /* CarRecord.app */ = {isa = PBXFileReference; explicitFileType = wrapper.application; includeInIndex = 0; path = CarRecord.app; sourceTree = BUILT_PRODUCTS_DIR; };
		F1D68A692F64123400CFD30D /* Assets.xcassets */ = {isa = PBXFileReference; lastKnownFileType = folder.assetcatalog; path = Assets.xcassets; sourceTree = "<group>"; };
		F1D68A6B2F64123400CFD30D /* AppliedCarContext.swift */ = {isa = PBXFileReference; lastKnownFileType = sourcecode.swift; path = AppliedCarContext.swift; sourceTree = "<group>"; };
		F1D68A6D2F64123500CFD30D /* AppDateContext.swift */ = {isa = PBXFileReference; lastKnownFileType = sourcecode.swift; path = AppDateContext.swift; sourceTree = "<group>"; };
		F1D68A6F2F64123500CFD30D /* SheetViews.swift */ = {isa = PBXFileReference; lastKnownFileType = sourcecode.swift; path = SheetViews.swift; sourceTree = "<group>"; };
		F1D68A482F640E6D00CFD30D /* CarRecordApp.swift */ = {isa = PBXFileReference; lastKnownFileType = sourcecode.swift; path = CarRecordApp.swift; sourceTree = "<group>"; };
		F1D68A492F640E6D00CFD30D /* RootTabView.swift */ = {isa = PBXFileReference; lastKnownFileType = sourcecode.swift; path = RootTabView.swift; sourceTree = "<group>"; };
		F1D68A4B2F640E6D00CFD30D /* MaintenanceReminderView.swift */ = {isa = PBXFileReference; lastKnownFileType = sourcecode.swift; path = MaintenanceReminderView.swift; sourceTree = "<group>"; };
		F1D68A4D2F640E6D00CFD30D /* AddCarView.swift */ = {isa = PBXFileReference; lastKnownFileType = sourcecode.swift; path = AddCarView.swift; sourceTree = "<group>"; };
		F1D68A4E2F640E6D00CFD30D /* MyView.swift */ = {isa = PBXFileReference; lastKnownFileType = sourcecode.swift; path = MyView.swift; sourceTree = "<group>"; };
		F1D68A502F640E6D00CFD30D /* AddMaintenanceRecordView.swift */ = {isa = PBXFileReference; lastKnownFileType = sourcecode.swift; path = AddMaintenanceRecordView.swift; sourceTree = "<group>"; };
		F1D68A512F640E6D00CFD30D /* RecordsView.swift */ = {isa = PBXFileReference; lastKnownFileType = sourcecode.swift; path = RecordsView.swift; sourceTree = "<group>"; };
		F1D68A542F640E6D00CFD30D /* Car.swift */ = {isa = PBXFileReference; lastKnownFileType = sourcecode.swift; path = Car.swift; sourceTree = "<group>"; };
		F1D68A562F640E6D00CFD30D /* MaintenanceRecord.swift */ = {isa = PBXFileReference; lastKnownFileType = sourcecode.swift; path = MaintenanceRecord.swift; sourceTree = "<group>"; };
		F1D68A582F640E6D00CFD30D /* ModelContainerProvider.swift */ = {isa = PBXFileReference; lastKnownFileType = sourcecode.swift; path = ModelContainerProvider.swift; sourceTree = "<group>"; };
		F1D68A5A2F640E6D00CFD30D /* Formatters.swift */ = {isa = PBXFileReference; lastKnownFileType = sourcecode.swift; path = Formatters.swift; sourceTree = "<group>"; };
		F1D68A6D2F640E6D00CFD30D /* MaintenanceReminderViewLogic.swift */ = {isa = PBXFileReference; lastKnownFileType = sourcecode.swift; path = "MaintenanceReminderViewLogic.swift"; sourceTree = "<group>"; };
		F1D68A6E2F640E6D00CFD30D /* MaintenanceReminderModels.swift */ = {isa = PBXFileReference; lastKnownFileType = sourcecode.swift; path = MaintenanceReminderModels.swift; sourceTree = "<group>"; };
		F1D68A6F2F640E6D00CFD30D /* MaintenanceReminderUseCase.swift */ = {isa = PBXFileReference; lastKnownFileType = sourcecode.swift; path = MaintenanceReminderUseCase.swift; sourceTree = "<group>"; };
		F1D68A702F640E6D00CFD30D /* RecordsViewQueryUseCase.swift */ = {isa = PBXFileReference; lastKnownFileType = sourcecode.swift; path = RecordsViewQueryUseCase.swift; sourceTree = "<group>"; };
		F1D68A712F640E6D00CFD30D /* RecordsState.swift */ = {isa = PBXFileReference; lastKnownFileType = sourcecode.swift; path = RecordsState.swift; sourceTree = "<group>"; };
		F1D68A722F640E6D00CFD30D /* AddMaintenanceRecordViewSaveUseCase.swift */ = {isa = PBXFileReference; lastKnownFileType = sourcecode.swift; path = AddMaintenanceRecordViewSaveUseCase.swift; sourceTree = "<group>"; };
		F1D68A732F640E6D00CFD30D /* AddMaintenanceRecordState.swift */ = {isa = PBXFileReference; lastKnownFileType = sourcecode.swift; path = AddMaintenanceRecordState.swift; sourceTree = "<group>"; };
		F1D68A742F640E6D00CFD30D /* AddCarSaveUseCase.swift */ = {isa = PBXFileReference; lastKnownFileType = sourcecode.swift; path = AddCarSaveUseCase.swift; sourceTree = "<group>"; };
		F1D68A752F640E6D00CFD30D /* AddCarStateModels.swift */ = {isa = PBXFileReference; lastKnownFileType = sourcecode.swift; path = AddCarStateModels.swift; sourceTree = "<group>"; };
		F1D68A762F640E6D00CFD30D /* MyViewBackupUseCase.swift */ = {isa = PBXFileReference; lastKnownFileType = sourcecode.swift; path = MyViewBackupUseCase.swift; sourceTree = "<group>"; };
		F1D68A7A2F640E6D00CFD31D /* RecordsViewFilterPanelComponents.swift */ = {isa = PBXFileReference; lastKnownFileType = sourcecode.swift; path = RecordsViewFilterPanelComponents.swift; sourceTree = "<group>"; };
		F1D68A7B2F640E6D00CFD31D /* RecordsViewActionUseCase.swift */ = {isa = PBXFileReference; lastKnownFileType = sourcecode.swift; path = RecordsViewActionUseCase.swift; sourceTree = "<group>"; };
		F1D68A7C2F640E6D00CFD31D /* AddMaintenanceRecordViewSheetComponents.swift */ = {isa = PBXFileReference; lastKnownFileType = sourcecode.swift; path = AddMaintenanceRecordViewSheetComponents.swift; sourceTree = "<group>"; };
		F1D68A7D2F640E6D00CFD31D /* AddCarSheetComponents.swift */ = {isa = PBXFileReference; lastKnownFileType = sourcecode.swift; path = AddCarSheetComponents.swift; sourceTree = "<group>"; };
		F1D68A7E2F640E6D00CFD31D /* MyViewCarActionUseCase.swift */ = {isa = PBXFileReference; lastKnownFileType = sourcecode.swift; path = MyViewCarActionUseCase.swift; sourceTree = "<group>"; };
		F1D68A8F2F640E6D00CFD30D /* AddMaintenanceRecordViewStateUseCase.swift */ = {isa = PBXFileReference; lastKnownFileType = sourcecode.swift; path = AddMaintenanceRecordViewStateUseCase.swift; sourceTree = "<group>"; };
		F1D68A902F640E6D00CFD30D /* AddMaintenanceRecordViewInputUseCase.swift */ = {isa = PBXFileReference; lastKnownFileType = sourcecode.swift; path = AddMaintenanceRecordViewInputUseCase.swift; sourceTree = "<group>"; };
		F1D68A912F640E6D00CFD30D /* MyViewRestoreUseCase.swift */ = {isa = PBXFileReference; lastKnownFileType = sourcecode.swift; path = MyViewRestoreUseCase.swift; sourceTree = "<group>"; };
		F1D68A922F640E6D00CFD30D /* MyViewDataTransferSupportUseCase.swift */ = {isa = PBXFileReference; lastKnownFileType = sourcecode.swift; path = MyViewDataTransferSupportUseCase.swift; sourceTree = "<group>"; };
		F1D68A962F640E6D00CFD30D /* AddCarStateUseCase.swift */ = {isa = PBXFileReference; lastKnownFileType = sourcecode.swift; path = AddCarStateUseCase.swift; sourceTree = "<group>"; };
		F1D68A972F640E6D00CFD30D /* AddCarDraftUseCase.swift */ = {isa = PBXFileReference; lastKnownFileType = sourcecode.swift; path = AddCarDraftUseCase.swift; sourceTree = "<group>"; };
		F1D68A982F640E6D00CFD30D /* RecordsViewSelectionSheetUseCase.swift */ = {isa = PBXFileReference; lastKnownFileType = sourcecode.swift; path = RecordsViewSelectionSheetUseCase.swift; sourceTree = "<group>"; };
		F1D68A992F640E6D00CFD30D /* RecordsViewFilterRulesUseCase.swift */ = {isa = PBXFileReference; lastKnownFileType = sourcecode.swift; path = RecordsViewFilterRulesUseCase.swift; sourceTree = "<group>"; };
		F1D68A772F640E6D00CFD30D /* MyDataTransfer.swift */ = {isa = PBXFileReference; lastKnownFileType = sourcecode.swift; path = MyDataTransfer.swift; sourceTree = "<group>"; };
		F1D68A782F640E6D00CFD30D /* MaintenanceItemManagerView.swift */ = {isa = PBXFileReference; lastKnownFileType = sourcecode.swift; path = MaintenanceItemManagerView.swift; sourceTree = "<group>"; };
		F1D68A9C2F640E6D00CFD30D /* MaintenanceItemReminderSettingView.swift */ = {isa = PBXFileReference; lastKnownFileType = sourcecode.swift; path = MaintenanceItemReminderSettingView.swift; sourceTree = "<group>"; };
		F1D68A9E2F640E6D00CFD30D /* ItemRelatedLogsView.swift */ = {isa = PBXFileReference; lastKnownFileType = sourcecode.swift; path = ItemRelatedLogsView.swift; sourceTree = "<group>"; };
		F1D68AA02F640E6D00CFD30D /* MaintenanceRecordItem.swift */ = {isa = PBXFileReference; lastKnownFileType = sourcecode.swift; path = MaintenanceRecordItem.swift; sourceTree = "<group>"; };
		F1D68AA22F640E6D00CFD30D /* MaintenanceItemOption.swift */ = {isa = PBXFileReference; lastKnownFileType = sourcecode.swift; path = MaintenanceItemOption.swift; sourceTree = "<group>"; };
		F1D68AA42F640E6D00CFD30D /* CoreConfig.swift */ = {isa = PBXFileReference; lastKnownFileType = sourcecode.swift; path = CoreConfig.swift; sourceTree = "<group>"; };
		F1D68AA62F640E6D00CFD30D /* Serialization.swift */ = {isa = PBXFileReference; lastKnownFileType = sourcecode.swift; path = Serialization.swift; sourceTree = "<group>"; };
		F1D68AA82F640E6D00CFD30D /* Presentation.swift */ = {isa = PBXFileReference; lastKnownFileType = sourcecode.swift; path = Presentation.swift; sourceTree = "<group>"; };
		F1D68AAA2F640E6D00CFD30D /* Sorting.swift */ = {isa = PBXFileReference; lastKnownFileType = sourcecode.swift; path = Sorting.swift; sourceTree = "<group>"; };
		F1D68AAC2F640E6D00CFD30D /* SyncUseCase.swift */ = {isa = PBXFileReference; lastKnownFileType = sourcecode.swift; path = SyncUseCase.swift; sourceTree = "<group>"; };
		F1D68AAE2F640E6D00CFD30D /* MyViewRestoreEntryUseCase.swift */ = {isa = PBXFileReference; lastKnownFileType = sourcecode.swift; path = MyViewRestoreEntryUseCase.swift; sourceTree = "<group>"; };
		F1D68AB02F640E6D00CFD30D /* MyViewRestoreCleanupUseCase.swift */ = {isa = PBXFileReference; lastKnownFileType = sourcecode.swift; path = MyViewRestoreCleanupUseCase.swift; sourceTree = "<group>"; };
/* End PBXFileReference section */

/* Begin PBXFrameworksBuildPhase section */
		F1D68A352F640AE500CFD30D /* Frameworks */ = {
			isa = PBXFrameworksBuildPhase;
			buildActionMask = 2147483647;
			files = (
			);
			runOnlyForDeploymentPostprocessing = 0;
		};
/* End PBXFrameworksBuildPhase section */

/* Begin PBXGroup section */
		F1D68A2F2F640AE500CFD30D = {
			isa = PBXGroup;
			children = (
				F1D68A5C2F640E6D00CFD30D /* CarRecord */,
				F1D68A392F640AE500CFD30D /* Products */,
			);
			sourceTree = "<group>";
		};
		F1D68A392F640AE500CFD30D /* Products */ = {
			isa = PBXGroup;
			children = (
				F1D68A382F640AE500CFD30D /* CarRecord.app */,
			);
			name = Products;
			sourceTree = "<group>";
		};
		F1D68A4A2F640E6D00CFD30D /* App */ = {
			isa = PBXGroup;
			children = (
				F1D68A482F640E6D00CFD30D /* CarRecordApp.swift */,
				F1D68A492F640E6D00CFD30D /* RootTabView.swift */,
			);
			path = App;
			sourceTree = "<group>";
		};
		F1D68AB92F640E6D00CFD30D /* View */ = {
			isa = PBXGroup;
			children = (
				F1D68A4B2F640E6D00CFD30D /* MaintenanceReminderView.swift */,
				F1D68A6D2F640E6D00CFD30D /* MaintenanceReminderViewLogic.swift */,
			);
			path = View;
			sourceTree = "<group>";
		};
		F1D68ABA2F640E6D00CFD30D /* UseCase */ = {
			isa = PBXGroup;
			children = (
				F1D68A6F2F640E6D00CFD30D /* MaintenanceReminderUseCase.swift */,
			);
			path = UseCase;
			sourceTree = "<group>";
		};
		F1D68ABB2F640E6D00CFD30D /* State */ = {
			isa = PBXGroup;
			children = (
				F1D68A6E2F640E6D00CFD30D /* MaintenanceReminderModels.swift */,
			);
			path = State;
			sourceTree = "<group>";
		};
		F1D68A4C2F640E6D00CFD30D /* MaintenanceReminder */ = {
			isa = PBXGroup;
			children = (
				F1D68AB92F640E6D00CFD30D /* View */,
				F1D68ABA2F640E6D00CFD30D /* UseCase */,
				F1D68ABB2F640E6D00CFD30D /* State */,
			);
			path = MaintenanceReminder;
			sourceTree = "<group>";
		};
		F1D68AC02F640E6D00CFD30D /* View */ = {
			isa = PBXGroup;
			children = (
				F1D68A4D2F640E6D00CFD30D /* AddCarView.swift */,
				F1D68A7D2F640E6D00CFD31D /* AddCarSheetComponents.swift */,
			);
			path = View;
			sourceTree = "<group>";
		};
		F1D68AC12F640E6D00CFD30D /* UseCase */ = {
			isa = PBXGroup;
			children = (
				F1D68A742F640E6D00CFD30D /* AddCarSaveUseCase.swift */,
				F1D68A962F640E6D00CFD30D /* AddCarStateUseCase.swift */,
				F1D68A972F640E6D00CFD30D /* AddCarDraftUseCase.swift */,
			);
			path = UseCase;
			sourceTree = "<group>";
		};
		F1D68AC22F640E6D00CFD30D /* State */ = {
			isa = PBXGroup;
			children = (
				F1D68A752F640E6D00CFD30D /* AddCarStateModels.swift */,
			);
			path = State;
			sourceTree = "<group>";
		};
		F1D68AB12F640E6D00CFD30D /* AddCar */ = {
			isa = PBXGroup;
			children = (
				F1D68AC02F640E6D00CFD30D /* View */,
				F1D68AC12F640E6D00CFD30D /* UseCase */,
				F1D68AC22F640E6D00CFD30D /* State */,
			);
			path = AddCar;
			sourceTree = "<group>";
		};
		F1D68AB22F640E6D00CFD30D /* My */ = {
			isa = PBXGroup;
			children = (
				F1D68A4E2F640E6D00CFD30D /* MyView.swift */,
				F1D68A762F640E6D00CFD30D /* MyViewBackupUseCase.swift */,
				F1D68A912F640E6D00CFD30D /* MyViewRestoreUseCase.swift */,
				F1D68AAE2F640E6D00CFD30D /* MyViewRestoreEntryUseCase.swift */,
				F1D68AB02F640E6D00CFD30D /* MyViewRestoreCleanupUseCase.swift */,
				F1D68A922F640E6D00CFD30D /* MyViewDataTransferSupportUseCase.swift */,
				F1D68A7E2F640E6D00CFD31D /* MyViewCarActionUseCase.swift */,
			);
			path = My;
			sourceTree = "<group>";
		};
		F1D68AB42F640E6D00CFD30D /* MaintenanceItems */ = {
			isa = PBXGroup;
			children = (
				F1D68A782F640E6D00CFD30D /* MaintenanceItemManagerView.swift */,
				F1D68A9C2F640E6D00CFD30D /* MaintenanceItemReminderSettingView.swift */,
				F1D68A9E2F640E6D00CFD30D /* ItemRelatedLogsView.swift */,
			);
			path = MaintenanceItems;
			sourceTree = "<group>";
		};
		F1D68AB32F640E6D00CFD30D /* DataTransfer */ = {
			isa = PBXGroup;
			children = (
				F1D68A772F640E6D00CFD30D /* MyDataTransfer.swift */,
			);
			path = DataTransfer;
			sourceTree = "<group>";
		};
		F1D68A4F2F640E6D00CFD30D /* Garage */ = {
			isa = PBXGroup;
			children = (
				F1D68AB12F640E6D00CFD30D /* AddCar */,
				F1D68AB22F640E6D00CFD30D /* My */,
				F1D68AB42F640E6D00CFD30D /* MaintenanceItems */,
				F1D68AB32F640E6D00CFD30D /* DataTransfer */,
			);
			path = Garage;
			sourceTree = "<group>";
		};
		F1D68AB52F640E6D00CFD30D /* AddMaintenanceRecord */ = {
			isa = PBXGroup;
			children = (
				F1D68A502F640E6D00CFD30D /* AddMaintenanceRecordView.swift */,
				F1D68A722F640E6D00CFD30D /* AddMaintenanceRecordViewSaveUseCase.swift */,
				F1D68A8F2F640E6D00CFD30D /* AddMaintenanceRecordViewStateUseCase.swift */,
				F1D68A902F640E6D00CFD30D /* AddMaintenanceRecordViewInputUseCase.swift */,
				F1D68A7C2F640E6D00CFD31D /* AddMaintenanceRecordViewSheetComponents.swift */,
				F1D68A732F640E6D00CFD30D /* AddMaintenanceRecordState.swift */,
			);
			path = AddMaintenanceRecord;
			sourceTree = "<group>";
		};
		F1D68AB62F640E6D00CFD30D /* Records */ = {
			isa = PBXGroup;
			children = (
				F1D68A512F640E6D00CFD30D /* RecordsView.swift */,
				F1D68A702F640E6D00CFD30D /* RecordsViewQueryUseCase.swift */,
				F1D68A7A2F640E6D00CFD31D /* RecordsViewFilterPanelComponents.swift */,
				F1D68A982F640E6D00CFD30D /* RecordsViewSelectionSheetUseCase.swift */,
				F1D68A992F640E6D00CFD30D /* RecordsViewFilterRulesUseCase.swift */,
				F1D68A7B2F640E6D00CFD31D /* RecordsViewActionUseCase.swift */,
				F1D68A712F640E6D00CFD30D /* RecordsState.swift */,
			);
			path = Records;
			sourceTree = "<group>";
		};
		F1D68A522F640E6D00CFD30D /* MaintenanceRecords */ = {
			isa = PBXGroup;
			children = (
				F1D68AB52F640E6D00CFD30D /* AddMaintenanceRecord */,
				F1D68AB62F640E6D00CFD30D /* Records */,
			);
			path = MaintenanceRecords;
			sourceTree = "<group>";
		};
		F1D68A532F640E6D00CFD30D /* Features */ = {
			isa = PBXGroup;
			children = (
				F1D68A4C2F640E6D00CFD30D /* MaintenanceReminder */,
				F1D68A4F2F640E6D00CFD30D /* Garage */,
				F1D68A522F640E6D00CFD30D /* MaintenanceRecords */,
			);
			path = Features;
			sourceTree = "<group>";
		};
		F1D68AB72F640E6D00CFD30D /* Entities */ = {
			isa = PBXGroup;
			children = (
				F1D68A542F640E6D00CFD30D /* Car.swift */,
				F1D68A562F640E6D00CFD30D /* MaintenanceRecord.swift */,
				F1D68AA02F640E6D00CFD30D /* MaintenanceRecordItem.swift */,
				F1D68AA22F640E6D00CFD30D /* MaintenanceItemOption.swift */,
			);
			path = Entities;
			sourceTree = "<group>";
		};
		F1D68AB82F640E6D00CFD30D /* MaintenanceItem */ = {
			isa = PBXGroup;
			children = (
				F1D68AA42F640E6D00CFD30D /* CoreConfig.swift */,
				F1D68AA62F640E6D00CFD30D /* Serialization.swift */,
				F1D68AA82F640E6D00CFD30D /* Presentation.swift */,
				F1D68AAA2F640E6D00CFD30D /* Sorting.swift */,
				F1D68AAC2F640E6D00CFD30D /* SyncUseCase.swift */,
			);
			path = MaintenanceItem;
			sourceTree = "<group>";
		};
		F1D68A572F640E6D00CFD30D /* Models */ = {
			isa = PBXGroup;
			children = (
				F1D68AB72F640E6D00CFD30D /* Entities */,
				F1D68AB82F640E6D00CFD30D /* Catalog */,
			);
			path = Models;
			sourceTree = "<group>";
		};
		F1D68A592F640E6D00CFD30D /* Persistence */ = {
			isa = PBXGroup;
			children = (
				F1D68A582F640E6D00CFD30D /* ModelContainerProvider.swift */,
			);
			path = Persistence;
			sourceTree = "<group>";
		};
		F1D68A5B2F640E6D00CFD30D /* Core */ = {
			isa = PBXGroup;
			children = (
				F1D68A6B2F64123400CFD30D /* AppliedCarContext.swift */,
				F1D68A6D2F64123500CFD30D /* AppDateContext.swift */,
				F1D68A5A2F640E6D00CFD30D /* Formatters.swift */,
				F1D68A6F2F64123500CFD30D /* SheetViews.swift */,
			);
			path = "Core";
			sourceTree = "<group>";
		};
		F1D68A5C2F640E6D00CFD30D /* CarRecord */ = {
			isa = PBXGroup;
			children = (
				F1D68A692F64123400CFD30D /* Assets.xcassets */,
				F1D68A4A2F640E6D00CFD30D /* App */,
				F1D68A532F640E6D00CFD30D /* Features */,
				F1D68A572F640E6D00CFD30D /* Models */,
				F1D68A592F640E6D00CFD30D /* Persistence */,
				F1D68A5B2F640E6D00CFD30D /* Core */,
			);
			name = CarRecord;
			path = ../ios/CarRecord;
			sourceTree = SOURCE_ROOT;
		};
/* End PBXGroup section */

/* Begin PBXNativeTarget section */
		F1D68A372F640AE500CFD30D /* CarRecord */ = {
			isa = PBXNativeTarget;
			buildConfigurationList = F1D68A432F640AE600CFD30D /* Build configuration list for PBXNativeTarget "CarRecord" */;
			buildPhases = (
				F1D68A342F640AE500CFD30D /* Sources */,
				F1D68A352F640AE500CFD30D /* Frameworks */,
				F1D68A362F640AE500CFD30D /* Resources */,
			);
			buildRules = (
			);
			dependencies = (
			);
			name = CarRecord;
			packageProductDependencies = (
			);
			productName = CarRecord;
			productReference = F1D68A382F640AE500CFD30D /* CarRecord.app */;
			productType = "com.apple.product-type.application";
		};
/* End PBXNativeTarget section */

/* Begin PBXProject section */
		F1D68A302F640AE500CFD30D /* Project object */ = {
			isa = PBXProject;
			attributes = {
				BuildIndependentTargetsInParallel = 1;
				LastSwiftUpdateCheck = 2630;
				LastUpgradeCheck = 2630;
				TargetAttributes = {
					F1D68A372F640AE500CFD30D = {
						CreatedOnToolsVersion = 26.3;
					};
				};
			};
			buildConfigurationList = F1D68A332F640AE500CFD30D /* Build configuration list for PBXProject "CarRecord" */;
			developmentRegion = "zh-Hans";
			hasScannedForEncodings = 0;
			knownRegions = (
				"zh-Hans",
				Base,
			);
			mainGroup = F1D68A2F2F640AE500CFD30D;
			minimizedProjectReferenceProxies = 1;
			preferredProjectObjectVersion = 77;
			productRefGroup = F1D68A392F640AE500CFD30D /* Products */;
			projectDirPath = "";
			projectRoot = "";
			targets = (
				F1D68A372F640AE500CFD30D /* CarRecord */,
			);
		};
/* End PBXProject section */

/* Begin PBXResourcesBuildPhase section */
		F1D68A362F640AE500CFD30D /* Resources */ = {
			isa = PBXResourcesBuildPhase;
			buildActionMask = 2147483647;
			files = (
				F1D68A6A2F64123400CFD30D /* Assets.xcassets in Resources */,
			);
			runOnlyForDeploymentPostprocessing = 0;
		};
/* End PBXResourcesBuildPhase section */

/* Begin PBXSourcesBuildPhase section */
		F1D68A342F640AE500CFD30D /* Sources */ = {
			isa = PBXSourcesBuildPhase;
			buildActionMask = 2147483647;
			files = (
				F1D68A6C2F64123400CFD30D /* AppliedCarContext.swift in Sources */,
				F1D68A6E2F64123500CFD30D /* AppDateContext.swift in Sources */,
				F1D68A5D2F640E6D00CFD30D /* Formatters.swift in Sources */,
				F1D68A702F64123500CFD30D /* SheetViews.swift in Sources */,
				F1D68A5E2F640E6D00CFD30D /* AddMaintenanceRecordView.swift in Sources */,
				F1D68A7E2F640E6D00CFD30D /* AddMaintenanceRecordViewSaveUseCase.swift in Sources */,
				F1D68A8A2F640E6D00CFD30D /* AddMaintenanceRecordViewStateUseCase.swift in Sources */,
				F1D68A8B2F640E6D00CFD30D /* AddMaintenanceRecordViewInputUseCase.swift in Sources */,
				F1D68A872F640E6D00CFD30D /* AddMaintenanceRecordViewSheetComponents.swift in Sources */,
				F1D68A7F2F640E6D00CFD30D /* AddMaintenanceRecordState.swift in Sources */,
				F1D68A5F2F640E6D00CFD30D /* MaintenanceReminderView.swift in Sources */,
				F1D68A792F640E6D00CFD30D /* MaintenanceReminderViewLogic.swift in Sources */,
				F1D68A7A2F640E6D00CFD30D /* MaintenanceReminderModels.swift in Sources */,
				F1D68A7B2F640E6D00CFD30D /* MaintenanceReminderUseCase.swift in Sources */,
				F1D68A602F640E6D00CFD30D /* RecordsView.swift in Sources */,
				F1D68A7C2F640E6D00CFD30D /* RecordsViewQueryUseCase.swift in Sources */,
				F1D68A852F640E6D00CFD30D /* RecordsViewFilterPanelComponents.swift in Sources */,
				F1D68A952F640E6D00CFD30D /* RecordsViewSelectionSheetUseCase.swift in Sources */,
				F1D68A9A2F640E6D00CFD30D /* RecordsViewFilterRulesUseCase.swift in Sources */,
				F1D68A862F640E6D00CFD30D /* RecordsViewActionUseCase.swift in Sources */,
				F1D68A7D2F640E6D00CFD30D /* RecordsState.swift in Sources */,
				F1D68A612F640E6D00CFD30D /* Car.swift in Sources */,
				F1D68A622F640E6D00CFD30D /* MaintenanceRecord.swift in Sources */,
				F1D68A9F2F640E6D00CFD30D /* MaintenanceRecordItem.swift in Sources */,
				F1D68AA12F640E6D00CFD30D /* MaintenanceItemOption.swift in Sources */,
				F1D68AA32F640E6D00CFD30D /* CoreConfig.swift in Sources */,
				F1D68AA52F640E6D00CFD30D /* Serialization.swift in Sources */,
				F1D68AA72F640E6D00CFD30D /* Presentation.swift in Sources */,
				F1D68AA92F640E6D00CFD30D /* Sorting.swift in Sources */,
				F1D68AAB2F640E6D00CFD30D /* SyncUseCase.swift in Sources */,
				F1D68A632F640E6D00CFD30D /* ModelContainerProvider.swift in Sources */,
				F1D68A642F640E6D00CFD30D /* MyView.swift in Sources */,
				F1D68A822F640E6D00CFD30D /* MyViewBackupUseCase.swift in Sources */,
				F1D68A8C2F640E6D00CFD30D /* MyViewRestoreUseCase.swift in Sources */,
				F1D68AAD2F640E6D00CFD30D /* MyViewRestoreEntryUseCase.swift in Sources */,
				F1D68AAF2F640E6D00CFD30D /* MyViewRestoreCleanupUseCase.swift in Sources */,
				F1D68A8D2F640E6D00CFD30D /* MyViewDataTransferSupportUseCase.swift in Sources */,
				F1D68A892F640E6D00CFD30D /* MyViewCarActionUseCase.swift in Sources */,
				F1D68A832F640E6D00CFD30D /* MyDataTransfer.swift in Sources */,
				F1D68A842F640E6D00CFD30D /* MaintenanceItemManagerView.swift in Sources */,
				F1D68A9B2F640E6D00CFD30D /* MaintenanceItemReminderSettingView.swift in Sources */,
				F1D68A9D2F640E6D00CFD30D /* ItemRelatedLogsView.swift in Sources */,
				F1D68A662F640E6D00CFD30D /* AddCarView.swift in Sources */,
				F1D68A802F640E6D00CFD30D /* AddCarSaveUseCase.swift in Sources */,
				F1D68A932F640E6D00CFD30D /* AddCarStateUseCase.swift in Sources */,
				F1D68A942F640E6D00CFD30D /* AddCarDraftUseCase.swift in Sources */,
				F1D68A882F640E6D00CFD30D /* AddCarSheetComponents.swift in Sources */,
				F1D68A812F640E6D00CFD30D /* AddCarStateModels.swift in Sources */,
				F1D68A672F640E6D00CFD30D /* CarRecordApp.swift in Sources */,
				F1D68A682F640E6D00CFD30D /* RootTabView.swift in Sources */,
			);
			runOnlyForDeploymentPostprocessing = 0;
		};
/* End PBXSourcesBuildPhase section */

/* Begin XCBuildConfiguration section */
		F1D68A412F640AE600CFD30D /* Debug */ = {
			isa = XCBuildConfiguration;
			buildSettings = {
				ALWAYS_SEARCH_USER_PATHS = NO;
				ASSETCATALOG_COMPILER_GENERATE_SWIFT_ASSET_SYMBOL_EXTENSIONS = YES;
				CLANG_ANALYZER_NONNULL = YES;
				CLANG_ANALYZER_NUMBER_OBJECT_CONVERSION = YES_AGGRESSIVE;
				CLANG_CXX_LANGUAGE_STANDARD = "gnu++20";
				CLANG_ENABLE_MODULES = YES;
				CLANG_ENABLE_OBJC_ARC = YES;
				CLANG_ENABLE_OBJC_WEAK = YES;
				CLANG_WARN_BLOCK_CAPTURE_AUTORELEASING = YES;
				CLANG_WARN_BOOL_CONVERSION = YES;
				CLANG_WARN_COMMA = YES;
				CLANG_WARN_CONSTANT_CONVERSION = YES;
				CLANG_WARN_DEPRECATED_OBJC_IMPLEMENTATIONS = YES;
				CLANG_WARN_DIRECT_OBJC_ISA_USAGE = YES_ERROR;
				CLANG_WARN_DOCUMENTATION_COMMENTS = YES;
				CLANG_WARN_EMPTY_BODY = YES;
				CLANG_WARN_ENUM_CONVERSION = YES;
				CLANG_WARN_INFINITE_RECURSION = YES;
				CLANG_WARN_INT_CONVERSION = YES;
				CLANG_WARN_NON_LITERAL_NULL_CONVERSION = YES;
				CLANG_WARN_OBJC_IMPLICIT_RETAIN_SELF = YES;
				CLANG_WARN_OBJC_LITERAL_CONVERSION = YES;
				CLANG_WARN_OBJC_ROOT_CLASS = YES_ERROR;
				CLANG_WARN_QUOTED_INCLUDE_IN_FRAMEWORK_HEADER = YES;
				CLANG_WARN_RANGE_LOOP_ANALYSIS = YES;
				CLANG_WARN_STRICT_PROTOTYPES = YES;
				CLANG_WARN_SUSPICIOUS_MOVE = YES;
				CLANG_WARN_UNGUARDED_AVAILABILITY = YES_AGGRESSIVE;
				CLANG_WARN_UNREACHABLE_CODE = YES;
				CLANG_WARN__DUPLICATE_METHOD_MATCH = YES;
				COPY_PHASE_STRIP = NO;
				DEBUG_INFORMATION_FORMAT = dwarf;
				ENABLE_STRICT_OBJC_MSGSEND = YES;
				ENABLE_TESTABILITY = YES;
				ENABLE_USER_SCRIPT_SANDBOXING = YES;
				GCC_C_LANGUAGE_STANDARD = gnu17;
				GCC_DYNAMIC_NO_PIC = NO;
				GCC_NO_COMMON_BLOCKS = YES;
				GCC_OPTIMIZATION_LEVEL = 0;
				GCC_PREPROCESSOR_DEFINITIONS = (
					"DEBUG=1",
					"$(inherited)",
				);
				GCC_WARN_64_TO_32_BIT_CONVERSION = YES;
				GCC_WARN_ABOUT_RETURN_TYPE = YES_ERROR;
				GCC_WARN_UNDECLARED_SELECTOR = YES;
				GCC_WARN_UNINITIALIZED_AUTOS = YES_AGGRESSIVE;
				GCC_WARN_UNUSED_FUNCTION = YES;
				GCC_WARN_UNUSED_VARIABLE = YES;
				IPHONEOS_DEPLOYMENT_TARGET = 26.2;
				LOCALIZATION_PREFERS_STRING_CATALOGS = YES;
				MTL_ENABLE_DEBUG_INFO = INCLUDE_SOURCE;
				MTL_FAST_MATH = YES;
				ONLY_ACTIVE_ARCH = YES;
				SDKROOT = iphoneos;
				SWIFT_ACTIVE_COMPILATION_CONDITIONS = "DEBUG $(inherited)";
				SWIFT_OPTIMIZATION_LEVEL = "-Onone";
			};
			name = Debug;
		};
		F1D68A422F640AE600CFD30D /* Release */ = {
			isa = XCBuildConfiguration;
			buildSettings = {
				ALWAYS_SEARCH_USER_PATHS = NO;
				ASSETCATALOG_COMPILER_GENERATE_SWIFT_ASSET_SYMBOL_EXTENSIONS = YES;
				CLANG_ANALYZER_NONNULL = YES;
				CLANG_ANALYZER_NUMBER_OBJECT_CONVERSION = YES_AGGRESSIVE;
				CLANG_CXX_LANGUAGE_STANDARD = "gnu++20";
				CLANG_ENABLE_MODULES = YES;
				CLANG_ENABLE_OBJC_ARC = YES;
				CLANG_ENABLE_OBJC_WEAK = YES;
				CLANG_WARN_BLOCK_CAPTURE_AUTORELEASING = YES;
				CLANG_WARN_BOOL_CONVERSION = YES;
				CLANG_WARN_COMMA = YES;
				CLANG_WARN_CONSTANT_CONVERSION = YES;
				CLANG_WARN_DEPRECATED_OBJC_IMPLEMENTATIONS = YES;
				CLANG_WARN_DIRECT_OBJC_ISA_USAGE = YES_ERROR;
				CLANG_WARN_DOCUMENTATION_COMMENTS = YES;
				CLANG_WARN_EMPTY_BODY = YES;
				CLANG_WARN_ENUM_CONVERSION = YES;
				CLANG_WARN_INFINITE_RECURSION = YES;
				CLANG_WARN_INT_CONVERSION = YES;
				CLANG_WARN_NON_LITERAL_NULL_CONVERSION = YES;
				CLANG_WARN_OBJC_IMPLICIT_RETAIN_SELF = YES;
				CLANG_WARN_OBJC_LITERAL_CONVERSION = YES;
				CLANG_WARN_OBJC_ROOT_CLASS = YES_ERROR;
				CLANG_WARN_QUOTED_INCLUDE_IN_FRAMEWORK_HEADER = YES;
				CLANG_WARN_RANGE_LOOP_ANALYSIS = YES;
				CLANG_WARN_STRICT_PROTOTYPES = YES;
				CLANG_WARN_SUSPICIOUS_MOVE = YES;
				CLANG_WARN_UNGUARDED_AVAILABILITY = YES_AGGRESSIVE;
				CLANG_WARN_UNREACHABLE_CODE = YES;
				CLANG_WARN__DUPLICATE_METHOD_MATCH = YES;
				COPY_PHASE_STRIP = NO;
				DEBUG_INFORMATION_FORMAT = "dwarf-with-dsym";
				ENABLE_NS_ASSERTIONS = NO;
				ENABLE_STRICT_OBJC_MSGSEND = YES;
				ENABLE_USER_SCRIPT_SANDBOXING = YES;
				GCC_C_LANGUAGE_STANDARD = gnu17;
				GCC_NO_COMMON_BLOCKS = YES;
				GCC_WARN_64_TO_32_BIT_CONVERSION = YES;
				GCC_WARN_ABOUT_RETURN_TYPE = YES_ERROR;
				GCC_WARN_UNDECLARED_SELECTOR = YES;
				GCC_WARN_UNINITIALIZED_AUTOS = YES_AGGRESSIVE;
				GCC_WARN_UNUSED_FUNCTION = YES;
				GCC_WARN_UNUSED_VARIABLE = YES;
				IPHONEOS_DEPLOYMENT_TARGET = 26.2;
				LOCALIZATION_PREFERS_STRING_CATALOGS = YES;
				MTL_ENABLE_DEBUG_INFO = NO;
				MTL_FAST_MATH = YES;
				SDKROOT = iphoneos;
				SWIFT_COMPILATION_MODE = wholemodule;
				VALIDATE_PRODUCT = YES;
			};
			name = Release;
		};
		F1D68A442F640AE600CFD30D /* Debug */ = {
			isa = XCBuildConfiguration;
			buildSettings = {
				ASSETCATALOG_COMPILER_APPICON_NAME = AppIcon;
				ASSETCATALOG_COMPILER_GLOBAL_ACCENT_COLOR_NAME = AccentColor;
				CODE_SIGN_STYLE = Automatic;
				CURRENT_PROJECT_VERSION = 0;
				ENABLE_PREVIEWS = YES;
				GENERATE_INFOPLIST_FILE = YES;
				INFOPLIST_KEY_UIApplicationSceneManifest_Generation = YES;
				INFOPLIST_KEY_UIApplicationSupportsIndirectInputEvents = YES;
				INFOPLIST_KEY_UILaunchScreen_Generation = YES;
				INFOPLIST_KEY_UISupportedInterfaceOrientations_iPad = "UIInterfaceOrientationPortrait UIInterfaceOrientationPortraitUpsideDown UIInterfaceOrientationLandscapeLeft UIInterfaceOrientationLandscapeRight";
				INFOPLIST_KEY_UISupportedInterfaceOrientations_iPhone = "UIInterfaceOrientationPortrait UIInterfaceOrientationLandscapeLeft UIInterfaceOrientationLandscapeRight";
				LD_RUNPATH_SEARCH_PATHS = (
					"$(inherited)",
					"@executable_path/Frameworks",
				);
				MARKETING_VERSION = 0.0.1;
				PRODUCT_BUNDLE_IDENTIFIER = com.tx.app.CarRecord;
				PRODUCT_NAME = "$(TARGET_NAME)";
				STRING_CATALOG_GENERATE_SYMBOLS = YES;
				SWIFT_APPROACHABLE_CONCURRENCY = YES;
				SWIFT_DEFAULT_ACTOR_ISOLATION = MainActor;
				SWIFT_EMIT_LOC_STRINGS = YES;
				SWIFT_UPCOMING_FEATURE_MEMBER_IMPORT_VISIBILITY = YES;
				SWIFT_VERSION = 5.0;
				TARGETED_DEVICE_FAMILY = "1,2";
			};
			name = Debug;
		};
		F1D68A452F640AE600CFD30D /* Release */ = {
			isa = XCBuildConfiguration;
			buildSettings = {
				ASSETCATALOG_COMPILER_APPICON_NAME = AppIcon;
				ASSETCATALOG_COMPILER_GLOBAL_ACCENT_COLOR_NAME = AccentColor;
				CODE_SIGN_STYLE = Automatic;
				CURRENT_PROJECT_VERSION = 0;
				ENABLE_PREVIEWS = YES;
				GENERATE_INFOPLIST_FILE = YES;
				INFOPLIST_KEY_UIApplicationSceneManifest_Generation = YES;
				INFOPLIST_KEY_UIApplicationSupportsIndirectInputEvents = YES;
				INFOPLIST_KEY_UILaunchScreen_Generation = YES;
				INFOPLIST_KEY_UISupportedInterfaceOrientations_iPad = "UIInterfaceOrientationPortrait UIInterfaceOrientationPortraitUpsideDown UIInterfaceOrientationLandscapeLeft UIInterfaceOrientationLandscapeRight";
				INFOPLIST_KEY_UISupportedInterfaceOrientations_iPhone = "UIInterfaceOrientationPortrait UIInterfaceOrientationLandscapeLeft UIInterfaceOrientationLandscapeRight";
				LD_RUNPATH_SEARCH_PATHS = (
					"$(inherited)",
					"@executable_path/Frameworks",
				);
				MARKETING_VERSION = 0.0.1;
				PRODUCT_BUNDLE_IDENTIFIER = com.tx.app.CarRecord;
				PRODUCT_NAME = "$(TARGET_NAME)";
				STRING_CATALOG_GENERATE_SYMBOLS = YES;
				SWIFT_APPROACHABLE_CONCURRENCY = YES;
				SWIFT_DEFAULT_ACTOR_ISOLATION = MainActor;
				SWIFT_EMIT_LOC_STRINGS = YES;
				SWIFT_UPCOMING_FEATURE_MEMBER_IMPORT_VISIBILITY = YES;
				SWIFT_VERSION = 5.0;
				TARGETED_DEVICE_FAMILY = "1,2";
			};
			name = Release;
		};
/* End XCBuildConfiguration section */

/* Begin XCConfigurationList section */
		F1D68A332F640AE500CFD30D /* Build configuration list for PBXProject "CarRecord" */ = {
			isa = XCConfigurationList;
			buildConfigurations = (
				F1D68A412F640AE600CFD30D /* Debug */,
				F1D68A422F640AE600CFD30D /* Release */,
			);
			defaultConfigurationIsVisible = 0;
			defaultConfigurationName = Release;
		};
		F1D68A432F640AE600CFD30D /* Build configuration list for PBXNativeTarget "CarRecord" */ = {
			isa = XCConfigurationList;
			buildConfigurations = (
				F1D68A442F640AE600CFD30D /* Debug */,
				F1D68A452F640AE600CFD30D /* Release */,
			);
			defaultConfigurationIsVisible = 0;
			defaultConfigurationName = Release;
		};
/* End XCConfigurationList section */
	};
	rootObject = F1D68A302F640AE500CFD30D /* Project object */;
}
